
Microsoft Visual Studio Solution File, Format Version 12.00
# Visual Studio 15
VisualStudioVersion = 15.0.28010.2041
MinimumVisualStudioVersion = 10.0.40219.1
Project("{8BC9CEB8-8B4A-11D0-8D11-00A0C91BC942}") = "Demo1", "Demo1.vcxproj", "{668D2918-8E1D-3B0E-ACE3-9D37D991D940}"
EndProject
Global
	GlobalSection(SolutionConfigurationPlatforms) = preSolution
		Debug|x64 = Debug|x64
		Release|x64 = Release|x64
	EndGlobalSection
	GlobalSection(ProjectConfigurationPlatforms) = postSolution
		{668D2918-8E1D-3B0E-ACE3-9D37D991D940}.Debug|x64.ActiveCfg = Debug|x64
		{668D2918-8E1D-3B0E-ACE3-9D37D991D940}.Debug|x64.Build.0 = Debug|x64
		{668D2918-8E1D-3B0E-ACE3-9D37D991D940}.Release|x64.ActiveCfg = Release|x64
		{668D2918-8E1D-3B0E-ACE3-9D37D991D940}.Release|x64.Build.0 = Release|x64
	EndGlobalSection
	GlobalSection(SolutionProperties) = preSolution
		HideSolutionNode = FALSE
	EndGlobalSection
	GlobalSection(ExtensibilityGlobals) = postSolution
		SolutionGuid = {89C4A11C-A20E-4623-A6A5-92A6ACCFC1D5}
	EndGlobalSection
EndGlobal
